
Microsoft Visual Studio Solution File, Format Version 12.00
# Visual Studio Version 16
VisualStudioVersion = 16.0.32002.261
MinimumVisualStudioVersion = 10.0.40219.1
Project("{FAE04EC0-301F-11D3-BF4B-00C04F79EFBC}") = "InClass 1 - David Gordon", "InClass 1 - David Gordon\InClass 1 - David Gordon.csproj", "{AA3CC4B1-2085-4CC7-A549-E1753490443B}"
EndProject
Global
	GlobalSection(SolutionConfigurationPlatforms) = preSolution
		Debug|Any CPU = Debug|Any CPU
		Release|Any CPU = Release|Any CPU
	EndGlobalSection
	GlobalSection(ProjectConfigurationPlatforms) = postSolution
		{AA3CC4B1-2085-4CC7-A549-E1753490443B}.Debug|Any CPU.ActiveCfg = Debug|Any CPU
		{AA3CC4B1-2085-4CC7-A549-E1753490443B}.Debug|Any CPU.Build.0 = Debug|Any CPU
		{AA3CC4B1-2085-4CC7-A549-E1753490443B}.Release|Any CPU.ActiveCfg = Release|Any CPU
		{AA3CC4B1-2085-4CC7-A549-E1753490443B}.Release|Any CPU.Build.0 = Release|Any CPU
	EndGlobalSection
	GlobalSection(SolutionProperties) = preSolution
		HideSolutionNode = FALSE
	EndGlobalSection
	GlobalSection(ExtensibilityGlobals) = postSolution
		SolutionGuid = {CEB16FFE-0B94-4E72-9B48-991581DD7B15}
	EndGlobalSection
EndGlobal
